<Solution>
  <Folder Name="/benchmarks/">
    <Project Path="benchmarks/MonadicTypes.AspNetCore.Benchmarks/MonadicTypes.AspNetCore.Benchmarks.csproj" />
    <Project Path="benchmarks/MonadicTypes.Composition.Benchmarks/MonadicTypes.Composition.Benchmarks.csproj" />
    <Project Path="benchmarks/MonadicTypes.Extensions.Benchmarks/MonadicTypes.Extensions.Benchmarks.csproj" />
    <Project Path="benchmarks/MonadicTypes.Errors.Benchmarks/MonadicTypes.Errors.Benchmarks.csproj" />
    <Project Path="benchmarks/MonadicTypes.Patterns.Benchmarks/MonadicTypes.Patterns.Benchmarks.csproj" />
    <Project Path="benchmarks/MonadicTypes.Benchmarks/MonadicTypes.Benchmarks.csproj" />
    <Project Path="benchmarks/MonadicTypes.Switch.Benchmarks/MonadicTypes.Switch.Benchmarks.csproj" />
  </Folder>
  <Folder Name="/eng/">
    <Project Path="eng/MonadicTypes.AffectedProjects.Tool/MonadicTypes.AffectedProjects.Tool.csproj" />
    <Project Path="eng/MonadicTypes.Pack.Tool/MonadicTypes.Pack.Tool.csproj" />
    <Project Path="eng/MonadicTypes.TestPackages.Tool/MonadicTypes.TestPackages.Tool.csproj" />
    <Project Path="eng/MonadicTypes.VerifyLockfiles.Tool/MonadicTypes.VerifyLockfiles.Tool.csproj" />
  </Folder>
  <Folder Name="/src/">
    <Project Path="src/MonadicTypes.AspNetCore.OpenApi.Analyzers/MonadicTypes.AspNetCore.OpenApi.Analyzers.csproj" />
    <Project Path="src/MonadicTypes.AspNetCore.OpenApi/MonadicTypes.AspNetCore.OpenApi.csproj" />
    <Project Path="src/MonadicTypes.Async/MonadicTypes.Async.csproj" />
    <Project Path="src/MonadicTypes.Collections/MonadicTypes.Collections.csproj" />
    <Project Path="src/MonadicTypes.AspNetCore/MonadicTypes.AspNetCore.csproj" />
    <Project Path="src/MonadicTypes.Diagnostics/MonadicTypes.Diagnostics.csproj" />
    <Project Path="src/MonadicTypes.Errors/MonadicTypes.Errors.csproj" />
    <Project Path="src/MonadicTypes.Effects/MonadicTypes.Effects.csproj" />
    <Project Path="src/MonadicTypes.Generators/MonadicTypes.Generators.csproj" />
    <Project Path="src/MonadicTypes.Linq/MonadicTypes.Linq.csproj" />
    <Project Path="src/MonadicTypes/MonadicTypes.csproj" />
  </Folder>
  <Folder Name="/tests/">
    <Project Path="tests/MonadicTypes.AspNetCore.OpenApi.Analyzers.Tests/MonadicTypes.AspNetCore.OpenApi.Analyzers.Tests.csproj" />
    <Project Path="tests/MonadicTypes.AspNetCore.OpenApi.AotSmoke/MonadicTypes.AspNetCore.OpenApi.AotSmoke.csproj" />
    <Project Path="tests/MonadicTypes.Async.Tests/MonadicTypes.Async.Tests.csproj" />
    <Project Path="tests/MonadicTypes.Collections.Tests/MonadicTypes.Collections.Tests.csproj" />
    <Project Path="tests/MonadicTypes.AotSmoke/MonadicTypes.AotSmoke.csproj" />
    <Project Path="tests/MonadicTypes.AspNetCore.Tests/MonadicTypes.AspNetCore.Tests.csproj" />
    <Project Path="tests/MonadicTypes.Diagnostics.Tests/MonadicTypes.Diagnostics.Tests.csproj" />
    <Project Path="tests/MonadicTypes.Errors.Tests/MonadicTypes.Errors.Tests.csproj" />
    <Project Path="tests/MonadicTypes.Extensions.AotSmoke/MonadicTypes.Extensions.AotSmoke.csproj" />
    <Project Path="tests/MonadicTypes.Effects.Tests/MonadicTypes.Effects.Tests.csproj" />
    <Project Path="tests/MonadicTypes.FluentValidation.CompatibilityTests/MonadicTypes.FluentValidation.CompatibilityTests.csproj" />
    <Project Path="tests/MonadicTypes.Generators.Tests/MonadicTypes.Generators.Tests.csproj" />
    <Project Path="tests/MonadicTypes.Linq.Tests/MonadicTypes.Linq.Tests.csproj" />
    <Project Path="tests/MonadicTypes.Tooling.Tests/MonadicTypes.Tooling.Tests.csproj" />
    <Project Path="tests/MonadicTypes.Tests/MonadicTypes.Tests.csproj" />
  </Folder>
</Solution>
