{
  "version": 2,
  "dependencies": {
    "net10.0": {
      "Meziantou.Analyzer": {
        "type": "Direct",
        "requested": "[3.0.195, )",
        "resolved": "3.0.195",
        "contentHash": "+OzBSeXP1nXzQiLOIvZp6G9ldu8QkCTZjyVBAbn7dEBnEeWvDLUW1Py61cQ12OsYf45YpZ6Pel1rQ+cedWQR2Q=="
      },
      "Microsoft.CodeAnalysis.BannedApiAnalyzers": {
        "type": "Direct",
        "requested": "[5.6.0, )",
        "resolved": "5.6.0",
        "contentHash": "Kcobt3pnOdO0A+6CKiMHZdTEluJpsfxiV20axtZdmfBQnDmiWTKPJADlgAfdTuKNAnVarrkJa0UEGwuOo91muw=="
      },
      "Microsoft.NET.ILLink.Tasks": {
        "type": "Direct",
        "requested": "[10.0.8, )",
        "resolved": "10.0.8",
        "contentHash": "dVbSXGIFNR5nZcv2tOLoWI+a9T4jtFd77IYjuND+QVe360qWgAF7H0WtoopYhRw/+SgpGUTyrkrh+65+ClNnfw=="
      },
      "MonadicTypes.NET": {
        "type": "Project"
      },
      "MonadicTypes.NET.Errors": {
        "type": "Project",
        "dependencies": {
          "MonadicTypes.NET": "[0.1.0-dev, )"
        }
      }
    }
  }
}