{
  "version": 2,
  "dependencies": {
    "net10.0": {
      "Meziantou.Analyzer": {
        "type": "Direct",
        "requested": "[3.0.125, )",
        "resolved": "3.0.125",
        "contentHash": "CexelZXr4mqLJGy9LGthGnAKUkz/Uh5U4Brh0FnbO+VAI7/TUoPoHKXA+8LLJ8kId7DagSWeuAP3KvCiTvPhgQ=="
      },
      "Microsoft.CodeAnalysis.BannedApiAnalyzers": {
        "type": "Direct",
        "requested": "[5.6.0, )",
        "resolved": "5.6.0",
        "contentHash": "Kcobt3pnOdO0A+6CKiMHZdTEluJpsfxiV20axtZdmfBQnDmiWTKPJADlgAfdTuKNAnVarrkJa0UEGwuOo91muw=="
      },
      "Microsoft.NET.ILLink.Tasks": {
        "type": "Direct",
        "requested": "[10.0.11, )",
        "resolved": "10.0.11",
        "contentHash": "IBf7lbovvjGWVWXZX5cJ/cO0WXbId0Zq4BuSeT94mGZuOAP66oMeH9PTBZ9Jpp3Jb6jtK0qm/NyUbPRo1gC/wQ=="
      },
      "MonadicTypes.NET": {
        "type": "Project"
      },
      "MonadicTypes.NET.Errors": {
        "type": "Project",
        "dependencies": {
          "MonadicTypes.NET": "[0.1.0-dev, )"
        }
      }
    }
  }
}